// !$*UTF8*$!
{
	archiveVersion = 1;
	classes = {
	};
	objectVersion = 46;
	objects = {

/* Begin PBXBuildFile section */
		D0F0B2C41D7A07D200D37ABB /* AppDelegate.swift in Sources */ = {isa = PBXBuildFile; fileRef = D0F0B2C31D7A07D200D37ABB /* AppDelegate.swift */; };
		D0F0B2C91D7A07D200D37ABB /* Main.storyboard in Resources */ = {isa = PBXBuildFile; fileRef = D0F0B2C71D7A07D200D37ABB /* Main.storyboard */; };
		D0F0B2CB1D7A07D200D37ABB /* Assets.xcassets in Resources */ = {isa = PBXBuildFile; fileRef = D0F0B2CA1D7A07D200D37ABB /* Assets.xcassets */; };
		D0F0B2CE1D7A07D200D37ABB /* LaunchScreen.storyboard in Resources */ = {isa = PBXBuildFile; fileRef = D0F0B2CC1D7A07D200D37ABB /* LaunchScreen.storyboard */; };
		D0F0B2D61D7A09DE00D37ABB /* NetworkController.swift in Sources */ = {isa = PBXBuildFile; fileRef = D0F0B2D51D7A09DE00D37ABB /* NetworkController.swift */; };
		D0F0B2D81D7A09E400D37ABB /* Movie.swift in Sources */ = {isa = PBXBuildFile; fileRef = D0F0B2D71D7A09E400D37ABB /* Movie.swift */; };
		D0F0B2DA1D7A09EB00D37ABB /* MovieController.swift in Sources */ = {isa = PBXBuildFile; fileRef = D0F0B2D91D7A09EB00D37ABB /* MovieController.swift */; };
		D0F0B2DC1D7A0EB000D37ABB /* MoviesTableViewController.swift in Sources */ = {isa = PBXBuildFile; fileRef = D0F0B2DB1D7A0EB000D37ABB /* MoviesTableViewController.swift */; };
/* End PBXBuildFile section */

/* Begin PBXFileReference section */
		D0F0B2C01D7A07D200D37ABB /* Movie Search.app */ = {isa = PBXFileReference; explicitFileType = wrapper.application; includeInIndex = 0; path = "Movie Search.app"; sourceTree = BUILT_PRODUCTS_DIR; };
		D0F0B2C31D7A07D200D37ABB /* AppDelegate.swift */ = {isa = PBXFileReference; lastKnownFileType = sourcecode.swift; path = AppDelegate.swift; sourceTree = "<group>"; };
		D0F0B2C81D7A07D200D37ABB /* Base */ = {isa = PBXFileReference; lastKnownFileType = file.storyboard; name = Base; path = Base.lproj/Main.storyboard; sourceTree = "<group>"; };
		D0F0B2CA1D7A07D200D37ABB /* Assets.xcassets */ = {isa = PBXFileReference; lastKnownFileType = folder.assetcatalog; path = Assets.xcassets; sourceTree = "<group>"; };
		D0F0B2CD1D7A07D200D37ABB /* Base */ = {isa = PBXFileReference; lastKnownFileType = file.storyboard; name = Base; path = Base.lproj/LaunchScreen.storyboard; sourceTree = "<group>"; };
		D0F0B2CF1D7A07D200D37ABB /* Info.plist */ = {isa = PBXFileReference; lastKnownFileType = text.plist.xml; path = Info.plist; sourceTree = "<group>"; };
		D0F0B2D51D7A09DE00D37ABB /* NetworkController.swift */ = {isa = PBXFileReference; fileEncoding = 4; lastKnownFileType = sourcecode.swift; path = NetworkController.swift; sourceTree = "<group>"; };
		D0F0B2D71D7A09E400D37ABB /* Movie.swift */ = {isa = PBXFileReference; fileEncoding = 4; lastKnownFileType = sourcecode.swift; path = Movie.swift; sourceTree = "<group>"; };
		D0F0B2D91D7A09EB00D37ABB /* MovieController.swift */ = {isa = PBXFileReference; fileEncoding = 4; lastKnownFileType = sourcecode.swift; path = MovieController.swift; sourceTree = "<group>"; };
		D0F0B2DB1D7A0EB000D37ABB /* MoviesTableViewController.swift */ = {isa = PBXFileReference; fileEncoding = 4; lastKnownFileType = sourcecode.swift; path = MoviesTableViewController.swift; sourceTree = "<group>"; };
/* End PBXFileReference section */

/* Begin PBXFrameworksBuildPhase section */
		D0F0B2BD1D7A07D200D37ABB /* Frameworks */ = {
			isa = PBXFrameworksBuildPhase;
			buildActionMask = 2147483647;
			files = (
			);
			runOnlyForDeploymentPostprocessing = 0;
		};
/* End PBXFrameworksBuildPhase section */

/* Begin PBXGroup section */
		D0F0B2B71D7A07D200D37ABB = {
			isa = PBXGroup;
			children = (
				D0F0B2C21D7A07D200D37ABB /* Movie Search */,
				D0F0B2C11D7A07D200D37ABB /* Products */,
			);
			sourceTree = "<group>";
		};
		D0F0B2C11D7A07D200D37ABB /* Products */ = {
			isa = PBXGroup;
			children = (
				D0F0B2C01D7A07D200D37ABB /* Movie Search.app */,
			);
			name = Products;
			sourceTree = "<group>";
		};
		D0F0B2C21D7A07D200D37ABB /* Movie Search */ = {
			isa = PBXGroup;
			children = (
				D0F0B2C31D7A07D200D37ABB /* AppDelegate.swift */,
				D0F0B2D51D7A09DE00D37ABB /* NetworkController.swift */,
				D0F0B2D71D7A09E400D37ABB /* Movie.swift */,
				D0F0B2D91D7A09EB00D37ABB /* MovieController.swift */,
				D0F0B2C71D7A07D200D37ABB /* Main.storyboard */,
				D0F0B2DB1D7A0EB000D37ABB /* MoviesTableViewController.swift */,
				D0F0B2CA1D7A07D200D37ABB /* Assets.xcassets */,
				D0F0B2CC1D7A07D200D37ABB /* LaunchScreen.storyboard */,
				D0F0B2CF1D7A07D200D37ABB /* Info.plist */,
			);
			path = "Movie Search";
			sourceTree = "<group>";
		};
/* End PBXGroup section */

/* Begin PBXNativeTarget section */
		D0F0B2BF1D7A07D200D37ABB /* Movie Search */ = {
			isa = PBXNativeTarget;
			buildConfigurationList = D0F0B2D21D7A07D200D37ABB /* Build configuration list for PBXNativeTarget "Movie Search" */;
			buildPhases = (
				D0F0B2BC1D7A07D200D37ABB /* Sources */,
				D0F0B2BD1D7A07D200D37ABB /* Frameworks */,
				D0F0B2BE1D7A07D200D37ABB /* Resources */,
			);
			buildRules = (
			);
			dependencies = (
			);
			name = "Movie Search";
			productName = "Movie Search";
			productReference = D0F0B2C01D7A07D200D37ABB /* Movie Search.app */;
			productType = "com.apple.product-type.application";
		};
/* End PBXNativeTarget section */

/* Begin PBXProject section */
		D0F0B2B81D7A07D200D37ABB /* Project object */ = {
			isa = PBXProject;
			attributes = {
				LastSwiftUpdateCheck = 0730;
				LastUpgradeCheck = 0730;
				ORGANIZATIONNAME = "Justin Carver";
				TargetAttributes = {
					D0F0B2BF1D7A07D200D37ABB = {
						CreatedOnToolsVersion = 7.3.1;
						DevelopmentTeam = CWLLFTCWHP;
					};
				};
			};
			buildConfigurationList = D0F0B2BB1D7A07D200D37ABB /* Build configuration list for PBXProject "Movie Search" */;
			compatibilityVersion = "Xcode 3.2";
			developmentRegion = English;
			hasScannedForEncodings = 0;
			knownRegions = (
				en,
				Base,
			);
			mainGroup = D0F0B2B71D7A07D200D37ABB;
			productRefGroup = D0F0B2C11D7A07D200D37ABB /* Products */;
			projectDirPath = "";
			projectRoot = "";
			targets = (
				D0F0B2BF1D7A07D200D37ABB /* Movie Search */,
			);
		};
/* End PBXProject section */

/* Begin PBXResourcesBuildPhase section */
		D0F0B2BE1D7A07D200D37ABB /* Resources */ = {
			isa = PBXResourcesBuildPhase;
			buildActionMask = 2147483647;
			files = (
				D0F0B2CE1D7A07D200D37ABB /* LaunchScreen.storyboard in Resources */,
				D0F0B2CB1D7A07D200D37ABB /* Assets.xcassets in Resources */,
				D0F0B2C91D7A07D200D37ABB /* Main.storyboard in Resources */,
			);
			runOnlyForDeploymentPostprocessing = 0;
		};
/* End PBXResourcesBuildPhase section */

/* Begin PBXSourcesBuildPhase section */
		D0F0B2BC1D7A07D200D37ABB /* Sources */ = {
			isa = PBXSourcesBuildPhase;
			buildActionMask = 2147483647;
			files = (
				D0F0B2DA1D7A09EB00D37ABB /* MovieController.swift in Sources */,
				D0F0B2D61D7A09DE00D37ABB /* NetworkController.swift in Sources */,
				D0F0B2C41D7A07D200D37ABB /* AppDelegate.swift in Sources */,
				D0F0B2DC1D7A0EB000D37ABB /* MoviesTableViewController.swift in Sources */,
				D0F0B2D81D7A09E400D37ABB /* Movie.swift in Sources */,
			);
			runOnlyForDeploymentPostprocessing = 0;
		};
/* End PBXSourcesBuildPhase section */

/* Begin PBXVariantGroup section */
		D0F0B2C71D7A07D200D37ABB /* Main.storyboard */ = {
			isa = PBXVariantGroup;
			children = (
				D0F0B2C81D7A07D200D37ABB /* Base */,
			);
			name = Main.storyboard;
			sourceTree = "<group>";
		};
		D0F0B2CC1D7A07D200D37ABB /* LaunchScreen.storyboard */ = {
			isa = PBXVariantGroup;
			children = (
				D0F0B2CD1D7A07D200D37ABB /* Base */,
			);
			name = LaunchScreen.storyboard;
			sourceTree = "<group>";
		};
/* End PBXVariantGroup section */

/* Begin XCBuildConfiguration section */
		D0F0B2D01D7A07D200D37ABB /* Debug */ = {
			isa = XCBuildConfiguration;
			buildSettings = {
				ALWAYS_SEARCH_USER_PATHS = NO;
				CLANG_ANALYZER_NONNULL = YES;
				CLANG_CXX_LANGUAGE_STANDARD = "gnu++0x";
				CLANG_CXX_LIBRARY = "libc++";
				CLANG_ENABLE_MODULES = YES;
				CLANG_ENABLE_OBJC_ARC = YES;
				CLANG_WARN_BOOL_CONVERSION = YES;
				CLANG_WARN_CONSTANT_CONVERSION = YES;
				CLANG_WARN_DIRECT_OBJC_ISA_USAGE = YES_ERROR;
				CLANG_WARN_EMPTY_BODY = YES;
				CLANG_WARN_ENUM_CONVERSION = YES;
				CLANG_WARN_INT_CONVERSION = YES;
				CLANG_WARN_OBJC_ROOT_CLASS = YES_ERROR;
				CLANG_WARN_UNREACHABLE_CODE = YES;
				CLANG_WARN__DUPLICATE_METHOD_MATCH = YES;
				"CODE_SIGN_IDENTITY[sdk=iphoneos*]" = "iPhone Developer";
				COPY_PHASE_STRIP = NO;
				DEBUG_INFORMATION_FORMAT = dwarf;
				ENABLE_STRICT_OBJC_MSGSEND = YES;
				ENABLE_TESTABILITY = YES;
				GCC_C_LANGUAGE_STANDARD = gnu99;
				GCC_DYNAMIC_NO_PIC = NO;
				GCC_NO_COMMON_BLOCKS = YES;
				GCC_OPTIMIZATION_LEVEL = 0;
				GCC_PREPROCESSOR_DEFINITIONS = (
					"DEBUG=1",
					"$(inherited)",
				);
				GCC_WARN_64_TO_32_BIT_CONVERSION = YES;
				GCC_WARN_ABOUT_RETURN_TYPE = YES_ERROR;
				GCC_WARN_UNDECLARED_SELECTOR = YES;
				GCC_WARN_UNINITIALIZED_AUTOS = YES_AGGRESSIVE;
				GCC_WARN_UNUSED_FUNCTION = YES;
				GCC_WARN_UNUSED_VARIABLE = YES;
				IPHONEOS_DEPLOYMENT_TARGET = 9.3;
				MTL_ENABLE_DEBUG_INFO = YES;
				ONLY_ACTIVE_ARCH = YES;
				SDKROOT = iphoneos;
				SWIFT_OPTIMIZATION_LEVEL = "-Onone";
				TARGETED_DEVICE_FAMILY = "1,2";
			};
			name = Debug;
		};
		D0F0B2D11D7A07D200D37ABB /* Release */ = {
			isa = XCBuildConfiguration;
			buildSettings = {
				ALWAYS_SEARCH_USER_PATHS = NO;
				CLANG_ANALYZER_NONNULL = YES;
				CLANG_CXX_LANGUAGE_STANDARD = "gnu++0x";
				CLANG_CXX_LIBRARY = "libc++";
				CLANG_ENABLE_MODULES = YES;
				CLANG_ENABLE_OBJC_ARC = YES;
				CLANG_WARN_BOOL_CONVERSION = YES;
				CLANG_WARN_CONSTANT_CONVERSION = YES;
				CLANG_WARN_DIRECT_OBJC_ISA_USAGE = YES_ERROR;
				CLANG_WARN_EMPTY_BODY = YES;
				CLANG_WARN_ENUM_CONVERSION = YES;
				CLANG_WARN_INT_CONVERSION = YES;
				CLANG_WARN_OBJC_ROOT_CLASS = YES_ERROR;
				CLANG_WARN_UNREACHABLE_CODE = YES;
				CLANG_WARN__DUPLICATE_METHOD_MATCH = YES;
				"CODE_SIGN_IDENTITY[sdk=iphoneos*]" = "iPhone Developer";
				COPY_PHASE_STRIP = NO;
				DEBUG_INFORMATION_FORMAT = "dwarf-with-dsym";
				ENABLE_NS_ASSERTIONS = NO;
				ENABLE_STRICT_OBJC_MSGSEND = YES;
				GCC_C_LANGUAGE_STANDARD = gnu99;
				GCC_NO_COMMON_BLOCKS = YES;
				GCC_WARN_64_TO_32_BIT_CONVERSION = YES;
				GCC_WARN_ABOUT_RETURN_TYPE = YES_ERROR;
				GCC_WARN_UNDECLARED_SELECTOR = YES;
				GCC_WARN_UNINITIALIZED_AUTOS = YES_AGGRESSIVE;
				GCC_WARN_UNUSED_FUNCTION = YES;
				GCC_WARN_UNUSED_VARIABLE = YES;
				IPHONEOS_DEPLOYMENT_TARGET = 9.3;
				MTL_ENABLE_DEBUG_INFO = NO;
				SDKROOT = iphoneos;
				TARGETED_DEVICE_FAMILY = "1,2";
				VALIDATE_PRODUCT = YES;
			};
			name = Release;
		};
		D0F0B2D31D7A07D200D37ABB /* Debug */ = {
			isa = XCBuildConfiguration;
			buildSettings = {
				ASSETCATALOG_COMPILER_APPICON_NAME = AppIcon;
				INFOPLIST_FILE = "Movie Search/Info.plist";
				LD_RUNPATH_SEARCH_PATHS = "$(inherited) @executable_path/Frameworks";
				PRODUCT_BUNDLE_IDENTIFIER = "com.JustinCarver.Movie-Search";
				PRODUCT_NAME = "$(TARGET_NAME)";
			};
			name = Debug;
		};
		D0F0B2D41D7A07D200D37ABB /* Release */ = {
			isa = XCBuildConfiguration;
			buildSettings = {
				ASSETCATALOG_COMPILER_APPICON_NAME = AppIcon;
				INFOPLIST_FILE = "Movie Search/Info.plist";
				LD_RUNPATH_SEARCH_PATHS = "$(inherited) @executable_path/Frameworks";
				PRODUCT_BUNDLE_IDENTIFIER = "com.JustinCarver.Movie-Search";
				PRODUCT_NAME = "$(TARGET_NAME)";
			};
			name = Release;
		};
/* End XCBuildConfiguration section */

/* Begin XCConfigurationList section */
		D0F0B2BB1D7A07D200D37ABB /* Build configuration list for PBXProject "Movie Search" */ = {
			isa = XCConfigurationList;
			buildConfigurations = (
				D0F0B2D01D7A07D200D37ABB /* Debug */,
				D0F0B2D11D7A07D200D37ABB /* Release */,
			);
			defaultConfigurationIsVisible = 0;
			defaultConfigurationName = Release;
		};
		D0F0B2D21D7A07D200D37ABB /* Build configuration list for PBXNativeTarget "Movie Search" */ = {
			isa = XCConfigurationList;
			buildConfigurations = (
				D0F0B2D31D7A07D200D37ABB /* Debug */,
				D0F0B2D41D7A07D200D37ABB /* Release */,
			);
			defaultConfigurationIsVisible = 0;
		};
/* End XCConfigurationList section */
	};
	rootObject = D0F0B2B81D7A07D200D37ABB /* Project object */;
}
